PODS:
  - SDWebImage (3.7.4):
    - SDWebImage/Core (= 3.7.4)
  - SDWebImage/Core (3.7.4)
  - UIActivityIndicator-for-SDWebImage (1.2):
    - SDWebImage (~> 3.7)

DEPENDENCIES:
  - SDWebImage (~> 3.7)
  - UIActivityIndicator-for-SDWebImage

SPEC CHECKSUMS:
  SDWebImage: 247edd7dd80dd6124197b0d6a17846fe9d1df968
  UIActivityIndicator-for-SDWebImage: 7bf7ebbf0ed1747dedc0d6e949c4603a6d0f9e0c

COCOAPODS: 0.39.0
